
Microsoft Visual Studio Solution File, Format Version 12.00
# Visual Studio Version 16
VisualStudioVersion = 16.0.30907.101
MinimumVisualStudioVersion = 15.0.26124.0
Project("{2150E333-8FDC-42A3-9474-1A3956D46DE8}") = "src", "src", "{CF2C2990-D40D-44C0-89A6-43A352FCC251}"
EndProject
Project("{FAE04EC0-301F-11D3-BF4B-00C04F79EFBC}") = "Basket.Api", "src\Basket.Api\Basket.Api.csproj", "{6D5DFEE4-2A9F-4743-B67B-70AD9F28F492}"
EndProject
Global
	GlobalSection(SolutionConfigurationPlatforms) = preSolution
		Debug|Any CPU = Debug|Any CPU
		Release|Any CPU = Release|Any CPU
	EndGlobalSection
	GlobalSection(ProjectConfigurationPlatforms) = postSolution
		{6D5DFEE4-2A9F-4743-B67B-70AD9F28F492}.Debug|Any CPU.ActiveCfg = Debug|Any CPU
		{6D5DFEE4-2A9F-4743-B67B-70AD9F28F492}.Debug|Any CPU.Build.0 = Debug|Any CPU
		{6D5DFEE4-2A9F-4743-B67B-70AD9F28F492}.Release|Any CPU.ActiveCfg = Release|Any CPU
		{6D5DFEE4-2A9F-4743-B67B-70AD9F28F492}.Release|Any CPU.Build.0 = Release|Any CPU
	EndGlobalSection
	GlobalSection(SolutionProperties) = preSolution
		HideSolutionNode = FALSE
	EndGlobalSection
	GlobalSection(NestedProjects) = preSolution
		{6D5DFEE4-2A9F-4743-B67B-70AD9F28F492} = {CF2C2990-D40D-44C0-89A6-43A352FCC251}
	EndGlobalSection
	GlobalSection(ExtensibilityGlobals) = postSolution
		SolutionGuid = {0B7519C2-2E38-47C8-B611-79F8FA913580}
	EndGlobalSection
EndGlobal
